
Microsoft Visual Studio Solution File, Format Version 12.00
# Visual Studio Version 16
VisualStudioVersion = 16.0.32002.261
MinimumVisualStudioVersion = 10.0.40219.1
Project("{FAE04EC0-301F-11D3-BF4B-00C04F79EFBC}") = "Görsel Veritabanı Yonetimi", "Görsel Veritabanı Yonetimi\Görsel Veritabanı Yonetimi.csproj", "{AACF141C-72B1-453F-9EB8-5C8475D28D30}"
EndProject
Global
	GlobalSection(SolutionConfigurationPlatforms) = preSolution
		Debug|Any CPU = Debug|Any CPU
		Release|Any CPU = Release|Any CPU
	EndGlobalSection
	GlobalSection(ProjectConfigurationPlatforms) = postSolution
		{AACF141C-72B1-453F-9EB8-5C8475D28D30}.Debug|Any CPU.ActiveCfg = Debug|Any CPU
		{AACF141C-72B1-453F-9EB8-5C8475D28D30}.Debug|Any CPU.Build.0 = Debug|Any CPU
		{AACF141C-72B1-453F-9EB8-5C8475D28D30}.Release|Any CPU.ActiveCfg = Release|Any CPU
		{AACF141C-72B1-453F-9EB8-5C8475D28D30}.Release|Any CPU.Build.0 = Release|Any CPU
	EndGlobalSection
	GlobalSection(SolutionProperties) = preSolution
		HideSolutionNode = FALSE
	EndGlobalSection
	GlobalSection(ExtensibilityGlobals) = postSolution
		SolutionGuid = {1EB7F6E5-2792-4DEB-A8D9-0769C1F6F08E}
	EndGlobalSection
EndGlobal
